
Microsoft Visual Studio Solution File, Format Version 12.00
# 17
VisualStudioVersion = 17.1.32328.378
MinimumVisualStudioVersion = 10.0.40219.1
Project("{2150E333-8FDC-42A3-9474-1A3956D46DE8}") = "src", "src", "{9F50AFEB-211C-41FD-9629-B218623F7B77}"
EndProject
Project("{2150E333-8FDC-42A3-9474-1A3956D46DE8}") = "Solution Items", "Solution Items", "{80EE3BEC-0D61-4AE4-B3EF-F2CFD2487544}"
	ProjectSection(SolutionItems) = preProject
		Directory.Build.props = Directory.Build.props
		README.md = README.md
		README.zh-cn.md = README.zh-cn.md
	EndProjectSection
EndProject
Project("{9A19103F-16F7-4668-BE54-9A1E7A4F7556}") = "IntelliSenseLocalizer.Core", "src\IntelliSenseLocalizer.Core\IntelliSenseLocalizer.Core.csproj", "{4EEED3D1-FFC1-4E05-93C2-FD2ABB4EBEE2}"
EndProject
Project("{9A19103F-16F7-4668-BE54-9A1E7A4F7556}") = "IntelliSenseLocalizer", "src\IntelliSenseLocalizer\IntelliSenseLocalizer.csproj", "{1E815935-152F-48FB-BCC5-C99DD2A13D15}"
EndProject
Project("{9A19103F-16F7-4668-BE54-9A1E7A4F7556}") = "SimpleTranslateServer", "src\SimpleTranslateServer\SimpleTranslateServer.csproj", "{878E347F-E019-480C-91A7-5B8AC37A2D93}"
EndProject
Global
	GlobalSection(SolutionConfigurationPlatforms) = preSolution
		Debug|Any CPU = Debug|Any CPU
		Release|Any CPU = Release|Any CPU
	EndGlobalSection
	GlobalSection(ProjectConfigurationPlatforms) = postSolution
		{4EEED3D1-FFC1-4E05-93C2-FD2ABB4EBEE2}.Debug|Any CPU.ActiveCfg = Debug|Any CPU
		{4EEED3D1-FFC1-4E05-93C2-FD2ABB4EBEE2}.Debug|Any CPU.Build.0 = Debug|Any CPU
		{4EEED3D1-FFC1-4E05-93C2-FD2ABB4EBEE2}.Release|Any CPU.ActiveCfg = Release|Any CPU
		{4EEED3D1-FFC1-4E05-93C2-FD2ABB4EBEE2}.Release|Any CPU.Build.0 = Release|Any CPU
		{1E815935-152F-48FB-BCC5-C99DD2A13D15}.Debug|Any CPU.ActiveCfg = Debug|Any CPU
		{1E815935-152F-48FB-BCC5-C99DD2A13D15}.Debug|Any CPU.Build.0 = Debug|Any CPU
		{1E815935-152F-48FB-BCC5-C99DD2A13D15}.Release|Any CPU.ActiveCfg = Release|Any CPU
		{1E815935-152F-48FB-BCC5-C99DD2A13D15}.Release|Any CPU.Build.0 = Release|Any CPU
		{878E347F-E019-480C-91A7-5B8AC37A2D93}.Debug|Any CPU.ActiveCfg = Debug|Any CPU
		{878E347F-E019-480C-91A7-5B8AC37A2D93}.Debug|Any CPU.Build.0 = Debug|Any CPU
		{878E347F-E019-480C-91A7-5B8AC37A2D93}.Release|Any CPU.ActiveCfg = Release|Any CPU
		{878E347F-E019-480C-91A7-5B8AC37A2D93}.Release|Any CPU.Build.0 = Release|Any CPU
	EndGlobalSection
	GlobalSection(SolutionProperties) = preSolution
		HideSolutionNode = FALSE
	EndGlobalSection
	GlobalSection(NestedProjects) = preSolution
		{4EEED3D1-FFC1-4E05-93C2-FD2ABB4EBEE2} = {9F50AFEB-211C-41FD-9629-B218623F7B77}
		{1E815935-152F-48FB-BCC5-C99DD2A13D15} = {9F50AFEB-211C-41FD-9629-B218623F7B77}
		{878E347F-E019-480C-91A7-5B8AC37A2D93} = {9F50AFEB-211C-41FD-9629-B218623F7B77}
	EndGlobalSection
	GlobalSection(ExtensibilityGlobals) = postSolution
		SolutionGuid = {05AE6986-CEE4-46AD-8637-E3254F54CAD3}
	EndGlobalSection
EndGlobal
